
Microsoft Visual Studio Solution File, Format Version 12.00
# Visual Studio Version 17
VisualStudioVersion = 17.1.32421.90
MinimumVisualStudioVersion = 10.0.40219.1
Project("{9A19103F-16F7-4668-BE54-9A1E7A4F7556}") = "RFP_DAY20_REGEX_AND_MSTEST_ASSIGNMENT", "RFP_DAY20_REGEX_AND_MSTEST_ASSIGNMENT\RFP_DAY20_REGEX_AND_MSTEST_ASSIGNMENT.csproj", "{E595C398-601E-4746-91B5-10FD383B7511}"
EndProject
Project("{FAE04EC0-301F-11D3-BF4B-00C04F79EFBC}") = "MoodAnalyzer", "MoodAnalyzer\MoodAnalyzer.csproj", "{CA9324E6-51AE-4357-A1BA-BB0F597C3B47}"
EndProject
Global
	GlobalSection(SolutionConfigurationPlatforms) = preSolution
		Debug|Any CPU = Debug|Any CPU
		Release|Any CPU = Release|Any CPU
	EndGlobalSection
	GlobalSection(ProjectConfigurationPlatforms) = postSolution
		{E595C398-601E-4746-91B5-10FD383B7511}.Debug|Any CPU.ActiveCfg = Debug|Any CPU
		{E595C398-601E-4746-91B5-10FD383B7511}.Debug|Any CPU.Build.0 = Debug|Any CPU
		{E595C398-601E-4746-91B5-10FD383B7511}.Release|Any CPU.ActiveCfg = Release|Any CPU
		{E595C398-601E-4746-91B5-10FD383B7511}.Release|Any CPU.Build.0 = Release|Any CPU
		{CA9324E6-51AE-4357-A1BA-BB0F597C3B47}.Debug|Any CPU.ActiveCfg = Debug|Any CPU
		{CA9324E6-51AE-4357-A1BA-BB0F597C3B47}.Debug|Any CPU.Build.0 = Debug|Any CPU
		{CA9324E6-51AE-4357-A1BA-BB0F597C3B47}.Release|Any CPU.ActiveCfg = Release|Any CPU
		{CA9324E6-51AE-4357-A1BA-BB0F597C3B47}.Release|Any CPU.Build.0 = Release|Any CPU
	EndGlobalSection
	GlobalSection(SolutionProperties) = preSolution
		HideSolutionNode = FALSE
	EndGlobalSection
	GlobalSection(ExtensibilityGlobals) = postSolution
		SolutionGuid = {B8E348B9-544E-4A8B-9E2A-D918303FA4FE}
	EndGlobalSection
EndGlobal
